
<Solution>
  <Configurations>
    <Platform Name="Any CPU" />
    <Platform Name="x64" />
    <Platform Name="x86" />
  </Configurations>

  <Folder Name="/src/">
    <Project Path="src/TechieRag.Embedded/TechieRag.Embedded.csproj" />
    <Project Path="src/TechieRag/TechieRag.csproj" />
  </Folder>
  <Folder Name="/docs/">
    <File Path="docs/TechieRag-BRD.md" />
    <File Path="docs/TechieRag-Architecture.md" />
    <File Path="docs/TechieRag-Coding-Standards.md" />
    <File Path="docs/TechieRag-UsageGuide.md" />
    <File Path="docs/ai-agent-autodistribution-guide.md" />
    <File Path="docs/brainstorming-session-results.md" />
    <File Path="docs/EMBEDDED-PACKAGE-GUIDE.md" />
    <File Path="docs/integration-testing-guide.md" />
    <File Path="docs/NUGET-PUBLISHING-GUIDE.md" />
    <File Path="docs/SETUP-AND-TESTING-GUIDE.md" />
    <File Path="docs/TechieRag-UserGuide.md" />
    <File Path="docs/TechieRag.Embedded-UserGuide.md" />
    <File Path="docs/TrBlazeUI-AI-Reference.md" />
  </Folder>

  <Folder Name="/apps/">
    <Project Path="apps/TechieDesk/TechieDesk.csproj" />
    <Project Path="apps/TechieDeskDb/TechieDeskDb.csproj" />
  </Folder>

  <Folder Name="/tests/">
    <Project Path="tests/TechieRag.Tests/TechieRag.Tests.csproj" />
    <Project Path="tests/TechieDesk.Tests/TechieDesk.Tests.csproj" />
  </Folder>
</Solution>
