
<Solution>
  <Configurations>
    <Platform Name="Any CPU" />
    <Platform Name="x64" />
    <Platform Name="x86" />
  </Configurations>

  <Folder Name="/src/">
    <Project Path="src/TechieRag.Embedded/TechieRag.Embedded.csproj" />
    <Project Path="src/TechieRag/TechieRag.csproj" />
  </Folder>
  <Folder Name="/docs/">
    <File Path="docs/ai-agent-autodistribution-guide.md" />
    <File Path="docs/brainstorming-session-results.md" />
    <File Path="docs/Coding-Standards.md" />
    <File Path="docs/EMBEDDED-PACKAGE-GUIDE.md" />
    <File Path="docs/NUGET-PUBLISHING-GUIDE.md" />
    <File Path="docs/SETUP-AND-TESTING-GUIDE.md" />
    <File Path="docs/TechieRag-UserGuide.md" />
    <File Path="docs/techierag-v2-llm-implementation-spec.md" />
    <File Path="docs/TechieRag.Embedded-UserGuide.md" />
    <File Path="docs/TrBlazeUI-AI-Reference.md" />
    <File Path="docs/trrag-refactoring-roadmap.md" />
  </Folder>

  <Folder Name="/samples/">
    <Project Path="samples/TechieRagWeb/TechieRagWeb.csproj" />
  </Folder>

  <Folder Name="/tests/">
    <Project Path="tests/TechieRag.Tests/TechieRag.Tests.csproj" />
  </Folder>
</Solution>
